# THIS IS AN AUTOGENERATED FILE. DO NOT EDIT THIS FILE DIRECTLY.
# yarn lockfile v1


fsevents@^2.3.2:
  version "2.3.2"
  resolved "https://registry.yarnpkg.com/fsevents/-/fsevents-2.3.2.tgz#8a526f78b8fdf4623b709e0b975c52c24c02fd1a"
  integrity sha512-xiqMQR4xAeHTuB9uWm+fFRcIOgKBMiOBP+eXiyT7jsgVCq1bkVygt00oASowB7EdtpOHaaPgKt812P9ab+DDKA==

progressbar.js@^1.1.0:
  version "1.1.0"
  resolved "https://registry.yarnpkg.com/progressbar.js/-/progressbar.js-1.1.0.tgz#300f99be40ba93fb0867f91dff01771236cade70"
  integrity sha512-K68/xcyXKo2I6T3PfIkXrRaycxROmWeU4bugb49iulWR25cU94PM0cfZ47S0jDhG5K3vPhZwCOy1fgb5Pgh6UQ==
  dependencies:
    shifty "^2.1.2"

shifty@^2.1.2:
  version "2.20.4"
  resolved "https://registry.yarnpkg.com/shifty/-/shifty-2.20.4.tgz#fb2ec81697b808b250024fa9548b5b93fadd78cf"
  integrity sha512-4Y0qRkg8ME5XN8yGNAwmFOmsIURGFKT9UQfNL6DDJQErYtN5HsjyoBuJn41ZQfTkuu2rIbRMn9qazjKsDpO2TA==
  optionalDependencies:
    fsevents "^2.3.2"

ssr-window@^4.0.2:
  version "4.0.2"
  resolved "https://registry.yarnpkg.com/ssr-window/-/ssr-window-4.0.2.tgz#dc6b3ee37be86ac0e3ddc60030f7b3bc9b8553be"
  integrity sha512-ISv/Ch+ig7SOtw7G2+qkwfVASzazUnvlDTwypdLoPoySv+6MqlOV10VwPSE6EWkGjhW50lUmghPmpYZXMu/+AQ==

swiper@^9.4.1:
  version "9.4.1"
  resolved "https://registry.yarnpkg.com/swiper/-/swiper-9.4.1.tgz#2f48bcd6ab4b4fcf4ae93eaee53980531d42fd42"
  integrity sha512-1nT2T8EzUpZ0FagEqaN/YAhRj33F2x/lN6cyB0/xoYJDMf8KwTFT3hMOeoB8Tg4o3+P/CKqskP+WX0Df046fqA==
  dependencies:
    ssr-window "^4.0.2"
